// !$*UTF8*$!
{
	archiveVersion = 1;
	classes = {
	};
	objectVersion = 56;
	objects = {

/* Begin PBXBuildFile section */
		AA000001 /* QuickShopApp.swift in Sources */ = {isa = PBXBuildFile; fileRef = AB000001 /* QuickShopApp.swift */; };
		AA000002 /* Models.swift in Sources */ = {isa = PBXBuildFile; fileRef = AB000002 /* Models.swift */; };
		AA000003 /* SampleData.swift in Sources */ = {isa = PBXBuildFile; fileRef = AB000003 /* SampleData.swift */; };
		AA000004 /* CartViewModel.swift in Sources */ = {isa = PBXBuildFile; fileRef = AB000004 /* CartViewModel.swift */; };
		AA000005 /* ProductViewModel.swift in Sources */ = {isa = PBXBuildFile; fileRef = AB000005 /* ProductViewModel.swift */; };
		AA000006 /* ProfileViewModel.swift in Sources */ = {isa = PBXBuildFile; fileRef = AB000006 /* ProfileViewModel.swift */; };
		AA000007 /* HomeView.swift in Sources */ = {isa = PBXBuildFile; fileRef = AB000007 /* HomeView.swift */; };
		AA000008 /* ProductListView.swift in Sources */ = {isa = PBXBuildFile; fileRef = AB000008 /* ProductListView.swift */; };
		AA000009 /* ProductDetailView.swift in Sources */ = {isa = PBXBuildFile; fileRef = AB000009 /* ProductDetailView.swift */; };
		AA000010 /* CartView.swift in Sources */ = {isa = PBXBuildFile; fileRef = AB000010 /* CartView.swift */; };
		AA000011 /* CheckoutView.swift in Sources */ = {isa = PBXBuildFile; fileRef = AB000011 /* CheckoutView.swift */; };
		AA000012 /* ProfileView.swift in Sources */ = {isa = PBXBuildFile; fileRef = AB000012 /* ProfileView.swift */; };
		AA000013 /* Assets.xcassets in Resources */ = {isa = PBXBuildFile; fileRef = AB000013 /* Assets.xcassets */; };
		AA000014 /* Preview Assets.xcassets in Resources */ = {isa = PBXBuildFile; fileRef = AB000014 /* Preview Assets.xcassets */; };
		AA000015 /* NavigationRouter.swift in Sources */ = {isa = PBXBuildFile; fileRef = AB000015 /* NavigationRouter.swift */; };
		AA000016 /* DebugBridgeManager.swift in Sources */ = {isa = PBXBuildFile; fileRef = AB000016 /* DebugBridgeManager.swift */; };
		AA000017 /* DebugBridgeJSON.swift in Sources */ = {isa = PBXBuildFile; fileRef = AB000017 /* DebugBridgeJSON.swift */; };
		AA000018 /* CartViewModelAccessor.swift in Sources */ = {isa = PBXBuildFile; fileRef = AB000018 /* CartViewModelAccessor.swift */; };
		AA000019 /* ProductViewModelAccessor.swift in Sources */ = {isa = PBXBuildFile; fileRef = AB000019 /* ProductViewModelAccessor.swift */; };
		AA000020 /* ProfileViewModelAccessor.swift in Sources */ = {isa = PBXBuildFile; fileRef = AB000020 /* ProfileViewModelAccessor.swift */; };
		AA000021 /* NavigationRouterAccessor.swift in Sources */ = {isa = PBXBuildFile; fileRef = AB000021 /* NavigationRouterAccessor.swift */; };
		AA000100 /* DebugBridge in Frameworks */ = {isa = PBXBuildFile; productRef = AG000001 /* DebugBridge */; };
/* End PBXBuildFile section */

/* Begin PBXFileReference section */
		AB000000 /* QuickShop.app */ = {isa = PBXFileReference; explicitFileType = wrapper.application; includeInIndex = 0; path = QuickShop.app; sourceTree = BUILT_PRODUCTS_DIR; };
		AB000001 /* QuickShopApp.swift */ = {isa = PBXFileReference; lastKnownFileType = sourcecode.swift; path = QuickShopApp.swift; sourceTree = "<group>"; };
		AB000002 /* Models.swift */ = {isa = PBXFileReference; lastKnownFileType = sourcecode.swift; path = Models.swift; sourceTree = "<group>"; };
		AB000003 /* SampleData.swift */ = {isa = PBXFileReference; lastKnownFileType = sourcecode.swift; path = SampleData.swift; sourceTree = "<group>"; };
		AB000004 /* CartViewModel.swift */ = {isa = PBXFileReference; lastKnownFileType = sourcecode.swift; path = CartViewModel.swift; sourceTree = "<group>"; };
		AB000005 /* ProductViewModel.swift */ = {isa = PBXFileReference; lastKnownFileType = sourcecode.swift; path = ProductViewModel.swift; sourceTree = "<group>"; };
		AB000006 /* ProfileViewModel.swift */ = {isa = PBXFileReference; lastKnownFileType = sourcecode.swift; path = ProfileViewModel.swift; sourceTree = "<group>"; };
		AB000007 /* HomeView.swift */ = {isa = PBXFileReference; lastKnownFileType = sourcecode.swift; path = HomeView.swift; sourceTree = "<group>"; };
		AB000008 /* ProductListView.swift */ = {isa = PBXFileReference; lastKnownFileType = sourcecode.swift; path = ProductListView.swift; sourceTree = "<group>"; };
		AB000009 /* ProductDetailView.swift */ = {isa = PBXFileReference; lastKnownFileType = sourcecode.swift; path = ProductDetailView.swift; sourceTree = "<group>"; };
		AB000010 /* CartView.swift */ = {isa = PBXFileReference; lastKnownFileType = sourcecode.swift; path = CartView.swift; sourceTree = "<group>"; };
		AB000011 /* CheckoutView.swift */ = {isa = PBXFileReference; lastKnownFileType = sourcecode.swift; path = CheckoutView.swift; sourceTree = "<group>"; };
		AB000012 /* ProfileView.swift */ = {isa = PBXFileReference; lastKnownFileType = sourcecode.swift; path = ProfileView.swift; sourceTree = "<group>"; };
		AB000013 /* Assets.xcassets */ = {isa = PBXFileReference; lastKnownFileType = folder.assetcatalog; path = Assets.xcassets; sourceTree = "<group>"; };
		AB000014 /* Preview Assets.xcassets */ = {isa = PBXFileReference; lastKnownFileType = folder.assetcatalog; path = "Preview Assets.xcassets"; sourceTree = "<group>"; };
		AB000015 /* NavigationRouter.swift */ = {isa = PBXFileReference; lastKnownFileType = sourcecode.swift; path = NavigationRouter.swift; sourceTree = "<group>"; };
		AB000022 /* Info.plist */ = {isa = PBXFileReference; lastKnownFileType = text.plist.xml; path = Info.plist; sourceTree = "<group>"; };
		AB000023 /* Info-Debug.plist */ = {isa = PBXFileReference; lastKnownFileType = text.plist.xml; path = "Info-Debug.plist"; sourceTree = "<group>"; };
		AB000016 /* DebugBridgeManager.swift */ = {isa = PBXFileReference; lastKnownFileType = sourcecode.swift; path = DebugBridgeManager.swift; sourceTree = "<group>"; };
		AB000017 /* DebugBridgeJSON.swift */ = {isa = PBXFileReference; lastKnownFileType = sourcecode.swift; path = DebugBridgeJSON.swift; sourceTree = "<group>"; };
		AB000018 /* CartViewModelAccessor.swift */ = {isa = PBXFileReference; lastKnownFileType = sourcecode.swift; path = CartViewModelAccessor.swift; sourceTree = "<group>"; };
		AB000019 /* ProductViewModelAccessor.swift */ = {isa = PBXFileReference; lastKnownFileType = sourcecode.swift; path = ProductViewModelAccessor.swift; sourceTree = "<group>"; };
		AB000020 /* ProfileViewModelAccessor.swift */ = {isa = PBXFileReference; lastKnownFileType = sourcecode.swift; path = ProfileViewModelAccessor.swift; sourceTree = "<group>"; };
		AB000021 /* NavigationRouterAccessor.swift */ = {isa = PBXFileReference; lastKnownFileType = sourcecode.swift; path = NavigationRouterAccessor.swift; sourceTree = "<group>"; };
/* End PBXFileReference section */

/* Begin PBXFrameworksBuildPhase section */
		AC000001 /* Frameworks */ = {
			isa = PBXFrameworksBuildPhase;
			buildActionMask = 2147483647;
			files = (
				AA000100 /* DebugBridge in Frameworks */,
			);
			runOnlyForDeploymentPostprocessing = 0;
		};
/* End PBXFrameworksBuildPhase section */

/* Begin PBXGroup section */
		AD000001 = {
			isa = PBXGroup;
			children = (
				AD000002 /* QuickShop */,
				AD000006 /* Products */,
			);
			sourceTree = "<group>";
		};
		AD000002 /* QuickShop */ = {
			isa = PBXGroup;
			children = (
				AB000001 /* QuickShopApp.swift */,
				AB000022 /* Info.plist */,
				AB000023 /* Info-Debug.plist */,
				AB000015 /* NavigationRouter.swift */,
				AD000008 /* DebugBridgeGenerated */,
				AD000003 /* Models */,
				AD000004 /* ViewModels */,
				AD000005 /* Views */,
				AB000013 /* Assets.xcassets */,
				AD000007 /* Preview Content */,
			);
			path = QuickShop;
			sourceTree = "<group>";
		};
		AD000003 /* Models */ = {
			isa = PBXGroup;
			children = (
				AB000002 /* Models.swift */,
				AB000003 /* SampleData.swift */,
			);
			path = Models;
			sourceTree = "<group>";
		};
		AD000004 /* ViewModels */ = {
			isa = PBXGroup;
			children = (
				AB000004 /* CartViewModel.swift */,
				AB000005 /* ProductViewModel.swift */,
				AB000006 /* ProfileViewModel.swift */,
			);
			path = ViewModels;
			sourceTree = "<group>";
		};
		AD000005 /* Views */ = {
			isa = PBXGroup;
			children = (
				AB000007 /* HomeView.swift */,
				AB000008 /* ProductListView.swift */,
				AB000009 /* ProductDetailView.swift */,
				AB000010 /* CartView.swift */,
				AB000011 /* CheckoutView.swift */,
				AB000012 /* ProfileView.swift */,
			);
			path = Views;
			sourceTree = "<group>";
		};
		AD000006 /* Products */ = {
			isa = PBXGroup;
			children = (
				AB000000 /* QuickShop.app */,
			);
			name = Products;
			sourceTree = "<group>";
		};
		AD000007 /* Preview Content */ = {
			isa = PBXGroup;
			children = (
				AB000014 /* Preview Assets.xcassets */,
			);
			path = "Preview Content";
			sourceTree = "<group>";
		};
		AD000008 /* DebugBridgeGenerated */ = {
			isa = PBXGroup;
			children = (
				AB000016 /* DebugBridgeManager.swift */,
				AB000017 /* DebugBridgeJSON.swift */,
				AB000018 /* CartViewModelAccessor.swift */,
				AB000019 /* ProductViewModelAccessor.swift */,
				AB000020 /* ProfileViewModelAccessor.swift */,
				AB000021 /* NavigationRouterAccessor.swift */,
			);
			path = DebugBridgeGenerated;
			sourceTree = "<group>";
		};
/* End PBXGroup section */

/* Begin PBXNativeTarget section */
		AE000001 /* QuickShop */ = {
			isa = PBXNativeTarget;
			buildConfigurationList = AF000003 /* Build configuration list for PBXNativeTarget "QuickShop" */;
			buildPhases = (
				AE000002 /* Sources */,
				AC000001 /* Frameworks */,
				AE000003 /* Resources */,
			);
			buildRules = (
			);
			dependencies = (
			);
			name = QuickShop;
			packageProductDependencies = (
				AG000001 /* DebugBridge */,
			);
			productName = QuickShop;
			productReference = AB000000 /* QuickShop.app */;
			productType = "com.apple.product-type.application";
		};
/* End PBXNativeTarget section */

/* Begin PBXProject section */
		AE000010 /* Project object */ = {
			isa = PBXProject;
			attributes = {
				BuildIndependentTargetsInParallel = 1;
				LastSwiftUpdateCheck = 1500;
				LastUpgradeCheck = 1500;
				TargetAttributes = {
					AE000001 = {
						CreatedOnToolsVersion = 15.0;
					};
				};
			};
			buildConfigurationList = AF000001 /* Build configuration list for PBXProject "QuickShop" */;
			compatibilityVersion = "Xcode 14.0";
			developmentRegion = en;
			hasScannedForEncodings = 0;
			knownRegions = (
				en,
				Base,
			);
			mainGroup = AD000001;
			packageReferences = (
				AH000001 /* XCLocalSwiftPackageReference "DebugBridge" */,
			);
			productRefGroup = AD000006 /* Products */;
			projectDirPath = "";
			projectRoot = "";
			targets = (
				AE000001 /* QuickShop */,
			);
		};
/* End PBXProject section */

/* Begin PBXResourcesBuildPhase section */
		AE000003 /* Resources */ = {
			isa = PBXResourcesBuildPhase;
			buildActionMask = 2147483647;
			files = (
				AA000014 /* Preview Assets.xcassets in Resources */,
				AA000013 /* Assets.xcassets in Resources */,
			);
			runOnlyForDeploymentPostprocessing = 0;
		};
/* End PBXResourcesBuildPhase section */

/* Begin PBXSourcesBuildPhase section */
		AE000002 /* Sources */ = {
			isa = PBXSourcesBuildPhase;
			buildActionMask = 2147483647;
			files = (
				AA000001 /* QuickShopApp.swift in Sources */,
				AA000002 /* Models.swift in Sources */,
				AA000003 /* SampleData.swift in Sources */,
				AA000004 /* CartViewModel.swift in Sources */,
				AA000005 /* ProductViewModel.swift in Sources */,
				AA000006 /* ProfileViewModel.swift in Sources */,
				AA000007 /* HomeView.swift in Sources */,
				AA000008 /* ProductListView.swift in Sources */,
				AA000009 /* ProductDetailView.swift in Sources */,
				AA000010 /* CartView.swift in Sources */,
				AA000011 /* CheckoutView.swift in Sources */,
				AA000012 /* ProfileView.swift in Sources */,
				AA000015 /* NavigationRouter.swift in Sources */,
				AA000016 /* DebugBridgeManager.swift in Sources */,
				AA000017 /* DebugBridgeJSON.swift in Sources */,
				AA000018 /* CartViewModelAccessor.swift in Sources */,
				AA000019 /* ProductViewModelAccessor.swift in Sources */,
				AA000020 /* ProfileViewModelAccessor.swift in Sources */,
				AA000021 /* NavigationRouterAccessor.swift in Sources */,
			);
			runOnlyForDeploymentPostprocessing = 0;
		};
/* End PBXSourcesBuildPhase section */

/* Begin XCLocalSwiftPackageReference section */
		AH000001 /* XCLocalSwiftPackageReference "DebugBridge" */ = {
			isa = XCLocalSwiftPackageReference;
			relativePath = DebugBridge;
		};
/* End XCLocalSwiftPackageReference section */

/* Begin XCSwiftPackageProductDependency section */
		AG000001 /* DebugBridge */ = {
			isa = XCSwiftPackageProductDependency;
			package = AH000001 /* XCLocalSwiftPackageReference "DebugBridge" */;
			productName = DebugBridge;
		};
/* End XCSwiftPackageProductDependency section */

/* Begin XCBuildConfiguration section */
		AF000010 /* Debug */ = {
			isa = XCBuildConfiguration;
			buildSettings = {
				ALWAYS_SEARCH_USER_PATHS = NO;
				ASSETCATALOG_COMPILER_GENERATE_SWIFT_ASSET_SYMBOL_EXTENSIONS = YES;
				CLANG_ANALYZER_NONNULL = YES;
				CLANG_ANALYZER_NUMBER_OBJECT_CONVERSION = YES_AGGRESSIVE;
				CLANG_CXX_LANGUAGE_STANDARD = "gnu++20";
				CLANG_ENABLE_MODULES = YES;
				CLANG_ENABLE_OBJC_ARC = YES;
				CLANG_ENABLE_OBJC_WEAK = YES;
				CLANG_WARN_BLOCK_CAPTURE_AUTORELEASING = YES;
				CLANG_WARN_BOOL_CONVERSION = YES;
				CLANG_WARN_COMMA = YES;
				CLANG_WARN_CONSTANT_CONVERSION = YES;
				CLANG_WARN_DEPRECATED_OBJC_IMPLEMENTATIONS = YES;
				CLANG_WARN_DIRECT_OBJC_ISA_USAGE = YES_ERROR;
				CLANG_WARN_DOCUMENTATION_COMMENTS = YES;
				CLANG_WARN_EMPTY_BODY = YES;
				CLANG_WARN_ENUM_CONVERSION = YES;
				CLANG_WARN_INFINITE_RECURSION = YES;
				CLANG_WARN_INT_CONVERSION = YES;
				CLANG_WARN_NON_LITERAL_NULL_CONVERSION = YES;
				CLANG_WARN_OBJC_IMPLICIT_RETAIN_SELF = YES;
				CLANG_WARN_OBJC_LITERAL_CONVERSION = YES;
				CLANG_WARN_OBJC_ROOT_CLASS = YES_ERROR;
				CLANG_WARN_QUOTED_INCLUDE_IN_FRAMEWORK_HEADER = YES;
				CLANG_WARN_RANGE_LOOP_ANALYSIS = YES;
				CLANG_WARN_STRICT_PROTOTYPES = YES;
				CLANG_WARN_SUSPICIOUS_MOVE = YES;
				CLANG_WARN_UNGUARDED_AVAILABILITY = YES_AGGRESSIVE;
				CLANG_WARN_UNREACHABLE_CODE = YES;
				CLANG_WARN__DUPLICATE_METHOD_MATCH = YES;
				COPY_PHASE_STRIP = NO;
				DEBUG_INFORMATION_FORMAT = dwarf;
				ENABLE_STRICT_OBJC_MSGSEND = YES;
				ENABLE_TESTABILITY = YES;
				ENABLE_USER_SCRIPT_SANDBOXING = YES;
				GCC_C_LANGUAGE_STANDARD = gnu17;
				GCC_DYNAMIC_NO_PIC = NO;
				GCC_NO_COMMON_BLOCKS = YES;
				GCC_OPTIMIZATION_LEVEL = 0;
				GCC_PREPROCESSOR_DEFINITIONS = (
					"DEBUG=1",
					"$(inherited)",
				);
				GCC_WARN_64_TO_32_BIT_CONVERSION = YES;
				GCC_WARN_ABOUT_RETURN_TYPE = YES_ERROR;
				GCC_WARN_UNDECLARED_SELECTOR = YES;
				GCC_WARN_UNINITIALIZED_AUTOS = YES_AGGRESSIVE;
				GCC_WARN_UNUSED_FUNCTION = YES;
				GCC_WARN_UNUSED_VARIABLE = YES;
				IPHONEOS_DEPLOYMENT_TARGET = 17.0;
				MTL_ENABLE_DEBUG_INFO = INCLUDE_SOURCE;
				MTL_FAST_MATH = YES;
				ONLY_ACTIVE_ARCH = YES;
				SDKROOT = iphoneos;
				SWIFT_ACTIVE_COMPILATION_CONDITIONS = "DEBUG $(inherited)";
				SWIFT_OPTIMIZATION_LEVEL = "-Onone";
			};
			name = Debug;
		};
		AF000011 /* Release */ = {
			isa = XCBuildConfiguration;
			buildSettings = {
				ALWAYS_SEARCH_USER_PATHS = NO;
				ASSETCATALOG_COMPILER_GENERATE_SWIFT_ASSET_SYMBOL_EXTENSIONS = YES;
				CLANG_ANALYZER_NONNULL = YES;
				CLANG_ANALYZER_NUMBER_OBJECT_CONVERSION = YES_AGGRESSIVE;
				CLANG_CXX_LANGUAGE_STANDARD = "gnu++20";
				CLANG_ENABLE_MODULES = YES;
				CLANG_ENABLE_OBJC_ARC = YES;
				CLANG_ENABLE_OBJC_WEAK = YES;
				CLANG_WARN_BLOCK_CAPTURE_AUTORELEASING = YES;
				CLANG_WARN_BOOL_CONVERSION = YES;
				CLANG_WARN_COMMA = YES;
				CLANG_WARN_CONSTANT_CONVERSION = YES;
				CLANG_WARN_DEPRECATED_OBJC_IMPLEMENTATIONS = YES;
				CLANG_WARN_DIRECT_OBJC_ISA_USAGE = YES_ERROR;
				CLANG_WARN_DOCUMENTATION_COMMENTS = YES;
				CLANG_WARN_EMPTY_BODY = YES;
				CLANG_WARN_ENUM_CONVERSION = YES;
				CLANG_WARN_INFINITE_RECURSION = YES;
				CLANG_WARN_INT_CONVERSION = YES;
				CLANG_WARN_NON_LITERAL_NULL_CONVERSION = YES;
				CLANG_WARN_OBJC_IMPLICIT_RETAIN_SELF = YES;
				CLANG_WARN_OBJC_LITERAL_CONVERSION = YES;
				CLANG_WARN_OBJC_ROOT_CLASS = YES_ERROR;
				CLANG_WARN_QUOTED_INCLUDE_IN_FRAMEWORK_HEADER = YES;
				CLANG_WARN_RANGE_LOOP_ANALYSIS = YES;
				CLANG_WARN_STRICT_PROTOTYPES = YES;
				CLANG_WARN_SUSPICIOUS_MOVE = YES;
				CLANG_WARN_UNGUARDED_AVAILABILITY = YES_AGGRESSIVE;
				CLANG_WARN_UNREACHABLE_CODE = YES;
				CLANG_WARN__DUPLICATE_METHOD_MATCH = YES;
				COPY_PHASE_STRIP = NO;
				DEBUG_INFORMATION_FORMAT = "dwarf-with-dsym";
				ENABLE_NS_ASSERTIONS = NO;
				ENABLE_STRICT_OBJC_MSGSEND = YES;
				ENABLE_USER_SCRIPT_SANDBOXING = YES;
				GCC_C_LANGUAGE_STANDARD = gnu17;
				GCC_NO_COMMON_BLOCKS = YES;
				GCC_WARN_64_TO_32_BIT_CONVERSION = YES;
				GCC_WARN_ABOUT_RETURN_TYPE = YES_ERROR;
				GCC_WARN_UNDECLARED_SELECTOR = YES;
				GCC_WARN_UNINITIALIZED_AUTOS = YES_AGGRESSIVE;
				GCC_WARN_UNUSED_FUNCTION = YES;
				GCC_WARN_UNUSED_VARIABLE = YES;
				IPHONEOS_DEPLOYMENT_TARGET = 17.0;
				MTL_ENABLE_DEBUG_INFO = NO;
				MTL_FAST_MATH = YES;
				SDKROOT = iphoneos;
				SWIFT_COMPILATION_MODE = wholemodule;
				VALIDATE_PRODUCT = YES;
			};
			name = Release;
		};
		AF000020 /* Debug */ = {
			isa = XCBuildConfiguration;
			buildSettings = {
				ASSETCATALOG_COMPILER_APPICON_NAME = AppIcon;
				ASSETCATALOG_COMPILER_GLOBAL_ACCENT_COLOR_NAME = AccentColor;
				CODE_SIGN_STYLE = Automatic;
				CURRENT_PROJECT_VERSION = 1;
				DEVELOPMENT_ASSET_PATHS = "\"QuickShop/Preview Content\"";
				DEVELOPMENT_TEAM = 6PPS68Y9RP;
				ENABLE_PREVIEWS = YES;
				GENERATE_INFOPLIST_FILE = NO;
				INFOPLIST_FILE = "QuickShop/Info-Debug.plist";
				INFOPLIST_KEY_UIApplicationSceneManifest_Generation = YES;
				INFOPLIST_KEY_UIApplicationSupportsIndirectInputEvents = YES;
				INFOPLIST_KEY_UILaunchScreen_Generation = YES;
				INFOPLIST_KEY_UISupportedInterfaceOrientations_iPad = "UIInterfaceOrientationPortrait UIInterfaceOrientationPortraitUpsideDown UIInterfaceOrientationLandscapeLeft UIInterfaceOrientationLandscapeRight";
				INFOPLIST_KEY_UISupportedInterfaceOrientations_iPhone = "UIInterfaceOrientationPortrait UIInterfaceOrientationLandscapeLeft UIInterfaceOrientationLandscapeRight";
				IPHONEOS_DEPLOYMENT_TARGET = 17.0;
				LD_RUNPATH_SEARCH_PATHS = (
					"$(inherited)",
					"@executable_path/Frameworks",
				);
				MARKETING_VERSION = 1.0;
				PRODUCT_BUNDLE_IDENTIFIER = com.demo.QuickShop;
				PRODUCT_NAME = "$(TARGET_NAME)";
				SWIFT_EMIT_LOC_STRINGS = YES;
				SWIFT_VERSION = 5.0;
				TARGETED_DEVICE_FAMILY = "1,2";
			};
			name = Debug;
		};
		AF000021 /* Release */ = {
			isa = XCBuildConfiguration;
			buildSettings = {
				ASSETCATALOG_COMPILER_APPICON_NAME = AppIcon;
				ASSETCATALOG_COMPILER_GLOBAL_ACCENT_COLOR_NAME = AccentColor;
				CODE_SIGN_STYLE = Automatic;
				CURRENT_PROJECT_VERSION = 1;
				DEVELOPMENT_ASSET_PATHS = "\"QuickShop/Preview Content\"";
				DEVELOPMENT_TEAM = 6PPS68Y9RP;
				ENABLE_PREVIEWS = YES;
				GENERATE_INFOPLIST_FILE = NO;
				INFOPLIST_FILE = QuickShop/Info.plist;
				INFOPLIST_KEY_UIApplicationSceneManifest_Generation = YES;
				INFOPLIST_KEY_UIApplicationSupportsIndirectInputEvents = YES;
				INFOPLIST_KEY_UILaunchScreen_Generation = YES;
				INFOPLIST_KEY_UISupportedInterfaceOrientations_iPad = "UIInterfaceOrientationPortrait UIInterfaceOrientationPortraitUpsideDown UIInterfaceOrientationLandscapeLeft UIInterfaceOrientationLandscapeRight";
				INFOPLIST_KEY_UISupportedInterfaceOrientations_iPhone = "UIInterfaceOrientationPortrait UIInterfaceOrientationLandscapeLeft UIInterfaceOrientationLandscapeRight";
				IPHONEOS_DEPLOYMENT_TARGET = 17.0;
				LD_RUNPATH_SEARCH_PATHS = (
					"$(inherited)",
					"@executable_path/Frameworks",
				);
				MARKETING_VERSION = 1.0;
				PRODUCT_BUNDLE_IDENTIFIER = com.demo.QuickShop;
				PRODUCT_NAME = "$(TARGET_NAME)";
				SWIFT_EMIT_LOC_STRINGS = YES;
				SWIFT_VERSION = 5.0;
				TARGETED_DEVICE_FAMILY = "1,2";
			};
			name = Release;
		};
/* End XCBuildConfiguration section */

/* Begin XCConfigurationList section */
		AF000001 /* Build configuration list for PBXProject "QuickShop" */ = {
			isa = XCConfigurationList;
			buildConfigurations = (
				AF000010 /* Debug */,
				AF000011 /* Release */,
			);
			defaultConfigurationIsVisible = 0;
			defaultConfigurationName = Release;
		};
		AF000003 /* Build configuration list for PBXNativeTarget "QuickShop" */ = {
			isa = XCConfigurationList;
			buildConfigurations = (
				AF000020 /* Debug */,
				AF000021 /* Release */,
			);
			defaultConfigurationIsVisible = 0;
			defaultConfigurationName = Release;
		};
/* End XCConfigurationList section */
	};
	rootObject = AE000010 /* Project object */;
}
